{
  "requires": true,
  "lockfileVersion": 1,
  "dependencies": {
    "nopy": {
      "version": "0.2.7",
      "resolved": "https://registry.npmjs.org/nopy/-/nopy-0.2.7.tgz",
      "integrity": "sha512-1kuUqU7o+Do7mEtvZTU7Ru+Vh4pYjLM1VjnR23zHI3DdAQudqNhCytszAwNjYFL+XEWpSiYf2P5ERYzfsZ2NCA=="
    }
  }
}
